
Microsoft Visual Studio Solution File, Format Version 12.00
# Visual Studio Version 17
VisualStudioVersion = 17.1.32210.238
MinimumVisualStudioVersion = 10.0.40219.1
Project("{FAE04EC0-301F-11D3-BF4B-00C04F79EFBC}") = "DemoClassLibrary", "DemoClassLibrary\DemoClassLibrary.csproj", "{D72474A3-174F-472C-A655-0F6AE4FB7242}"
EndProject
Project("{2150E333-8FDC-42A3-9474-1A3956D46DE8}") = "github", "github", "{0CF2D196-7268-47BB-A958-235CB5BF7E98}"
EndProject
Project("{2150E333-8FDC-42A3-9474-1A3956D46DE8}") = "workflows", "workflows", "{F216F701-C725-44B1-B2DC-C6E74BCA132A}"
	ProjectSection(SolutionItems) = preProject
		..\.github\workflows\push-actions.yml = ..\.github\workflows\push-actions.yml
	EndProjectSection
EndProject
Global
	GlobalSection(SolutionConfigurationPlatforms) = preSolution
		Debug|Any CPU = Debug|Any CPU
		Release|Any CPU = Release|Any CPU
	EndGlobalSection
	GlobalSection(ProjectConfigurationPlatforms) = postSolution
		{D72474A3-174F-472C-A655-0F6AE4FB7242}.Debug|Any CPU.ActiveCfg = Debug|Any CPU
		{D72474A3-174F-472C-A655-0F6AE4FB7242}.Debug|Any CPU.Build.0 = Debug|Any CPU
		{D72474A3-174F-472C-A655-0F6AE4FB7242}.Release|Any CPU.ActiveCfg = Release|Any CPU
		{D72474A3-174F-472C-A655-0F6AE4FB7242}.Release|Any CPU.Build.0 = Release|Any CPU
	EndGlobalSection
	GlobalSection(SolutionProperties) = preSolution
		HideSolutionNode = FALSE
	EndGlobalSection
	GlobalSection(NestedProjects) = preSolution
		{F216F701-C725-44B1-B2DC-C6E74BCA132A} = {0CF2D196-7268-47BB-A958-235CB5BF7E98}
	EndGlobalSection
	GlobalSection(ExtensibilityGlobals) = postSolution
		SolutionGuid = {CE0D8998-8091-4E5E-A9D2-D0C511627A53}
	EndGlobalSection
EndGlobal
